
Microsoft Visual Studio Solution File, Format Version 12.00
# Visual Studio Version 17
VisualStudioVersion = 17.12.35707.178
MinimumVisualStudioVersion = 10.0.40219.1
Project("{FAE04EC0-301F-11D3-BF4B-00C04F79EFBC}") = "CommentSystem", "CommentSystem\CommentSystem.csproj", "{F714AF7F-F8AA-4C73-8120-1BAADF2439AA}"
EndProject
Project("{2150E333-8FDC-42A3-9474-1A3956D46DE8}") = "Solution Items", "Solution Items", "{0128A3A9-3BF6-44B8-8F52-0915C7FA7D78}"
	ProjectSection(SolutionItems) = preProject
		docker-compose.override.yml = docker-compose.override.yml
		docker-compose.yml = docker-compose.yml
	EndProjectSection
EndProject
Project("{FAE04EC0-301F-11D3-BF4B-00C04F79EFBC}") = "CaptchaServiceAPI", "CaptchaServiceAPI\CaptchaServiceAPI.csproj", "{872DD0E4-F036-4F0F-A6A2-4210452D0418}"
EndProject
Project("{FAE04EC0-301F-11D3-BF4B-00C04F79EFBC}") = "Common", "Common\Common.csproj", "{4E3BB7CD-F280-447A-B7D0-15F60D3100D9}"
EndProject
Project("{FAE04EC0-301F-11D3-BF4B-00C04F79EFBC}") = "CommentSystem.Tests", "CommentSystem.Tests\CommentSystem.Tests.csproj", "{2DA26442-CE5A-407C-886D-AB94297E1768}"
EndProject
Project("{FAE04EC0-301F-11D3-BF4B-00C04F79EFBC}") = "CaptchaServiceAPI.Tests", "CaptchaServiceAPI.Tests\CaptchaServiceAPI.Tests.csproj", "{46F2A867-9E5A-4868-8E23-9150E9A23F39}"
EndProject
Project("{FAE04EC0-301F-11D3-BF4B-00C04F79EFBC}") = "CommentConsumerService", "CommentConsumerService\CommentConsumerService.csproj", "{F021E25D-E27F-44E5-BFD2-2397774E7223}"
	ProjectSection(ProjectDependencies) = postProject
		{4E3BB7CD-F280-447A-B7D0-15F60D3100D9} = {4E3BB7CD-F280-447A-B7D0-15F60D3100D9}
	EndProjectSection
EndProject
Global
	GlobalSection(SolutionConfigurationPlatforms) = preSolution
		Debug|Any CPU = Debug|Any CPU
		Release|Any CPU = Release|Any CPU
	EndGlobalSection
	GlobalSection(ProjectConfigurationPlatforms) = postSolution
		{F714AF7F-F8AA-4C73-8120-1BAADF2439AA}.Debug|Any CPU.ActiveCfg = Debug|Any CPU
		{F714AF7F-F8AA-4C73-8120-1BAADF2439AA}.Debug|Any CPU.Build.0 = Debug|Any CPU
		{F714AF7F-F8AA-4C73-8120-1BAADF2439AA}.Release|Any CPU.ActiveCfg = Release|Any CPU
		{F714AF7F-F8AA-4C73-8120-1BAADF2439AA}.Release|Any CPU.Build.0 = Release|Any CPU
		{872DD0E4-F036-4F0F-A6A2-4210452D0418}.Debug|Any CPU.ActiveCfg = Debug|Any CPU
		{872DD0E4-F036-4F0F-A6A2-4210452D0418}.Debug|Any CPU.Build.0 = Debug|Any CPU
		{872DD0E4-F036-4F0F-A6A2-4210452D0418}.Release|Any CPU.ActiveCfg = Release|Any CPU
		{872DD0E4-F036-4F0F-A6A2-4210452D0418}.Release|Any CPU.Build.0 = Release|Any CPU
		{4E3BB7CD-F280-447A-B7D0-15F60D3100D9}.Debug|Any CPU.ActiveCfg = Debug|Any CPU
		{4E3BB7CD-F280-447A-B7D0-15F60D3100D9}.Debug|Any CPU.Build.0 = Debug|Any CPU
		{4E3BB7CD-F280-447A-B7D0-15F60D3100D9}.Release|Any CPU.ActiveCfg = Release|Any CPU
		{4E3BB7CD-F280-447A-B7D0-15F60D3100D9}.Release|Any CPU.Build.0 = Release|Any CPU
		{2DA26442-CE5A-407C-886D-AB94297E1768}.Debug|Any CPU.ActiveCfg = Debug|Any CPU
		{2DA26442-CE5A-407C-886D-AB94297E1768}.Debug|Any CPU.Build.0 = Debug|Any CPU
		{2DA26442-CE5A-407C-886D-AB94297E1768}.Release|Any CPU.ActiveCfg = Release|Any CPU
		{2DA26442-CE5A-407C-886D-AB94297E1768}.Release|Any CPU.Build.0 = Release|Any CPU
		{46F2A867-9E5A-4868-8E23-9150E9A23F39}.Debug|Any CPU.ActiveCfg = Debug|Any CPU
		{46F2A867-9E5A-4868-8E23-9150E9A23F39}.Debug|Any CPU.Build.0 = Debug|Any CPU
		{46F2A867-9E5A-4868-8E23-9150E9A23F39}.Release|Any CPU.ActiveCfg = Release|Any CPU
		{46F2A867-9E5A-4868-8E23-9150E9A23F39}.Release|Any CPU.Build.0 = Release|Any CPU
		{F021E25D-E27F-44E5-BFD2-2397774E7223}.Debug|Any CPU.ActiveCfg = Debug|Any CPU
		{F021E25D-E27F-44E5-BFD2-2397774E7223}.Debug|Any CPU.Build.0 = Debug|Any CPU
		{F021E25D-E27F-44E5-BFD2-2397774E7223}.Release|Any CPU.ActiveCfg = Release|Any CPU
		{F021E25D-E27F-44E5-BFD2-2397774E7223}.Release|Any CPU.Build.0 = Release|Any CPU
	EndGlobalSection
	GlobalSection(SolutionProperties) = preSolution
		HideSolutionNode = FALSE
	EndGlobalSection
EndGlobal
